# This file is automatically @generated by Cargo.
# It is not intended for manual editing.
version = 4

[[package]]
name = "oboe-android"
version = "0.1.0"
dependencies = [
 "oboe-core",
]

[[package]]
name = "oboe-core"
version = "0.1.0"

[[package]]
name = "oboe-jni"
version = "0.1.0"
dependencies = [
 "oboe-android",
 "oboe-core",
]
