# This file is automatically @generated by Cargo.
# It is not intended for manual editing.
version = 4

[[package]]
name = "oboe-android"
version = "0.1.0-alpha.1"
dependencies = [
 "oboe-core",
]

[[package]]
name = "oboe-core"
version = "0.1.0-alpha.1"

[[package]]
name = "oboe-samples"
version = "0.1.0-alpha.1"
dependencies = [
 "oboe-core",
]

[[package]]
name = "oboe-samples-jni"
version = "0.1.0-alpha.1"
dependencies = [
 "oboe-android",
 "oboe-core",
 "oboe-samples",
]
